{
  "name": "gcloud-unlock-prototype",
  "lockfileVersion": 3,
  "requires": true,
  "packages": {
    "": {
      "name": "gcloud-unlock-prototype",
      "license": "Apache-2.0",
      "workspaces": [
        "packages/backend",
        "packages/gkloud"
      ]
    },
    "node_modules/commander": {
      "version": "11.1.0",
      "resolved": "https://registry.npmjs.org/commander/-/commander-11.1.0.tgz",
      "integrity": "sha512-yPVavfyCcRhmorC7rWlkHn15b4wDVgVmBA7kV4QVBsF7kv/9TKJAbAXVTxvTnwP8HHKjRCJDClKbciiYS7p0DQ==",
      "engines": {
        "node": ">=16"
      }
    },
    "node_modules/gcloud-unlock-api": {
      "resolved": "packages/backend",
      "link": true
    },
    "node_modules/gkloud": {
      "resolved": "packages/gkloud",
      "link": true
    },
    "packages/backend": {
      "name": "gcloud-unlock-api",
      "version": "0.1.0",
      "license": "Apache-2.0"
    },
    "packages/gkloud": {
      "version": "0.1.0",
      "license": "Apache-2.0",
      "dependencies": {
        "commander": "^11.1.0"
      },
      "bin": {
        "gkloud": "bin/gkloud"
      }
    }
  }
}
