{
  "name": "gcloud-unlock-prototype",
  "lockfileVersion": 3,
  "requires": true,
  "packages": {
    "": {
      "name": "gcloud-unlock-prototype",
      "license": "Apache-2.0",
      "workspaces": [
        "packages/backend",
        "packages/gkloud"
      ]
    },
    "node_modules/gcloud-unlock-prototype": {
      "resolved": "packages/backend",
      "link": true
    },
    "node_modules/gkloud": {
      "resolved": "packages/gkloud",
      "link": true
    },
    "packages/backend": {
      "name": "gcloud-unlock-prototype",
      "version": "0.1.0",
      "license": "Apache-2.0"
    },
    "packages/gkloud": {
      "version": "0.1.0",
      "license": "Apache-2.0"
    }
  }
}
